
Microsoft Visual Studio Solution File, Format Version 12.00
# Visual Studio Version 16
VisualStudioVersion = 16.0.30225.117
MinimumVisualStudioVersion = 10.0.40219.1
Project("{FAE04EC0-301F-11D3-BF4B-00C04F79EFBC}") = "WebAssemblyBlazorChromeExtension", "WebAssemblyBlazorChromeExtension\WebAssemblyBlazorChromeExtension.csproj", "{0005344D-68E2-4E68-A85F-3B6319A4182D}"
EndProject
Global
	GlobalSection(SolutionConfigurationPlatforms) = preSolution
		Debug|Any CPU = Debug|Any CPU
		Release|Any CPU = Release|Any CPU
	EndGlobalSection
	GlobalSection(ProjectConfigurationPlatforms) = postSolution
		{0005344D-68E2-4E68-A85F-3B6319A4182D}.Debug|Any CPU.ActiveCfg = Debug|Any CPU
		{0005344D-68E2-4E68-A85F-3B6319A4182D}.Debug|Any CPU.Build.0 = Debug|Any CPU
		{0005344D-68E2-4E68-A85F-3B6319A4182D}.Release|Any CPU.ActiveCfg = Release|Any CPU
		{0005344D-68E2-4E68-A85F-3B6319A4182D}.Release|Any CPU.Build.0 = Release|Any CPU
	EndGlobalSection
	GlobalSection(SolutionProperties) = preSolution
		HideSolutionNode = FALSE
	EndGlobalSection
	GlobalSection(ExtensibilityGlobals) = postSolution
		SolutionGuid = {F7AB9D32-7A61-47C3-BE45-ED009208072A}
	EndGlobalSection
EndGlobal
